// !$*UTF8*$!
{
	archiveVersion = 1;
	classes = {
	};
	objectVersion = 55;
	objects = {

/* Begin PBXBuildFile section */
		E2443AD527D90169004A79DE /* SearchView.swift in Sources */ = {isa = PBXBuildFile; fileRef = E2443AD427D90169004A79DE /* SearchView.swift */; };
		E244CAE127BD53C700270252 /* Styles.swift in Sources */ = {isa = PBXBuildFile; fileRef = E244CAE027BD53C700270252 /* Styles.swift */; };
		E244CAE327BD5EAC00270252 /* AccountView.swift in Sources */ = {isa = PBXBuildFile; fileRef = E244CAE227BD5EAC00270252 /* AccountView.swift */; };
		E244CAE527BE666400270252 /* HexagonView.swift in Sources */ = {isa = PBXBuildFile; fileRef = E244CAE427BE666400270252 /* HexagonView.swift */; };
		E244CAE727BFA76100270252 /* BlobView.swift in Sources */ = {isa = PBXBuildFile; fileRef = E244CAE627BFA76100270252 /* BlobView.swift */; };
		E244CAE927BFE9B000270252 /* TabBar.swift in Sources */ = {isa = PBXBuildFile; fileRef = E244CAE827BFE9B000270252 /* TabBar.swift */; };
		E244CAEB27BFF92700270252 /* Tab.swift in Sources */ = {isa = PBXBuildFile; fileRef = E244CAEA27BFF92700270252 /* Tab.swift */; };
		E244CAED27C01B2800270252 /* HomeView.swift in Sources */ = {isa = PBXBuildFile; fileRef = E244CAEC27C01B2800270252 /* HomeView.swift */; };
		E244CAF427C3BAF400270252 /* FeaturedItem.swift in Sources */ = {isa = PBXBuildFile; fileRef = E244CAF327C3BAF400270252 /* FeaturedItem.swift */; };
		E244CAF627C3BD7700270252 /* NavigationBar.swift in Sources */ = {isa = PBXBuildFile; fileRef = E244CAF527C3BD7700270252 /* NavigationBar.swift */; };
		E244CAF827C3CE1900270252 /* PreferenceKeys.swift in Sources */ = {isa = PBXBuildFile; fileRef = E244CAF727C3CE1900270252 /* PreferenceKeys.swift */; };
		E244CAFA27C3D8CF00270252 /* AnimatableFontModifier.swift in Sources */ = {isa = PBXBuildFile; fileRef = E244CAF927C3D8CF00270252 /* AnimatableFontModifier.swift */; };
		E2994FDE27E77897000F0048 /* AvatarView.swift in Sources */ = {isa = PBXBuildFile; fileRef = E2994FDD27E77897000F0048 /* AvatarView.swift */; };
		E2AB9C5727C3E24400DE370C /* Course.swift in Sources */ = {isa = PBXBuildFile; fileRef = E2AB9C5627C3E24400DE370C /* Course.swift */; };
		E2AB9C5927C3F97000DE370C /* MatchedView.swift in Sources */ = {isa = PBXBuildFile; fileRef = E2AB9C5827C3F97000DE370C /* MatchedView.swift */; };
		E2BDE68927BC3F93007DB435 /* DesignCodeiOS15App.swift in Sources */ = {isa = PBXBuildFile; fileRef = E2BDE68827BC3F93007DB435 /* DesignCodeiOS15App.swift */; };
		E2BDE68B27BC3F93007DB435 /* ContentView.swift in Sources */ = {isa = PBXBuildFile; fileRef = E2BDE68A27BC3F93007DB435 /* ContentView.swift */; };
		E2BDE68D27BC3F95007DB435 /* Assets.xcassets in Resources */ = {isa = PBXBuildFile; fileRef = E2BDE68C27BC3F95007DB435 /* Assets.xcassets */; };
		E2BDE69027BC3F95007DB435 /* Preview Assets.xcassets in Resources */ = {isa = PBXBuildFile; fileRef = E2BDE68F27BC3F95007DB435 /* Preview Assets.xcassets */; };
		E2C8846927D9515100915E81 /* Suggestion.swift in Sources */ = {isa = PBXBuildFile; fileRef = E2C8846827D9515100915E81 /* Suggestion.swift */; };
		E2D03B1427E65F3E003A0714 /* SignUpView.swift in Sources */ = {isa = PBXBuildFile; fileRef = E2D03B1327E65F3E003A0714 /* SignUpView.swift */; };
		E2D03B1627E667D2003A0714 /* AngularButtonStyle.swift in Sources */ = {isa = PBXBuildFile; fileRef = E2D03B1527E667D1003A0714 /* AngularButtonStyle.swift */; };
		E2D03B1827E676C7003A0714 /* InputStyle.swift in Sources */ = {isa = PBXBuildFile; fileRef = E2D03B1727E676C7003A0714 /* InputStyle.swift */; };
		E2D03B1A27E68231003A0714 /* ModalView.swift in Sources */ = {isa = PBXBuildFile; fileRef = E2D03B1927E68231003A0714 /* ModalView.swift */; };
		E2D03B1C27E68346003A0714 /* SignInView.swift in Sources */ = {isa = PBXBuildFile; fileRef = E2D03B1B27E68346003A0714 /* SignInView.swift */; };
		E2D554C627C4196F000EC5C9 /* CourseItem.swift in Sources */ = {isa = PBXBuildFile; fileRef = E2D554C527C4196F000EC5C9 /* CourseItem.swift */; };
		E2D554C827C41AF2000EC5C9 /* CourseView.swift in Sources */ = {isa = PBXBuildFile; fileRef = E2D554C727C41AF2000EC5C9 /* CourseView.swift */; };
		E2D554CA27C796BA000EC5C9 /* Animations.swift in Sources */ = {isa = PBXBuildFile; fileRef = E2D554C927C796BA000EC5C9 /* Animations.swift */; };
		E2D554CC27C7B7F5000EC5C9 /* Model.swift in Sources */ = {isa = PBXBuildFile; fileRef = E2D554CB27C7B7F5000EC5C9 /* Model.swift */; };
/* End PBXBuildFile section */

/* Begin PBXFileReference section */
		E2443AD427D90169004A79DE /* SearchView.swift */ = {isa = PBXFileReference; lastKnownFileType = sourcecode.swift; path = SearchView.swift; sourceTree = "<group>"; };
		E244CAE027BD53C700270252 /* Styles.swift */ = {isa = PBXFileReference; lastKnownFileType = sourcecode.swift; path = Styles.swift; sourceTree = "<group>"; };
		E244CAE227BD5EAC00270252 /* AccountView.swift */ = {isa = PBXFileReference; lastKnownFileType = sourcecode.swift; path = AccountView.swift; sourceTree = "<group>"; };
		E244CAE427BE666400270252 /* HexagonView.swift */ = {isa = PBXFileReference; lastKnownFileType = sourcecode.swift; path = HexagonView.swift; sourceTree = "<group>"; };
		E244CAE627BFA76100270252 /* BlobView.swift */ = {isa = PBXFileReference; lastKnownFileType = sourcecode.swift; path = BlobView.swift; sourceTree = "<group>"; };
		E244CAE827BFE9B000270252 /* TabBar.swift */ = {isa = PBXFileReference; lastKnownFileType = sourcecode.swift; path = TabBar.swift; sourceTree = "<group>"; };
		E244CAEA27BFF92700270252 /* Tab.swift */ = {isa = PBXFileReference; lastKnownFileType = sourcecode.swift; path = Tab.swift; sourceTree = "<group>"; };
		E244CAEC27C01B2800270252 /* HomeView.swift */ = {isa = PBXFileReference; lastKnownFileType = sourcecode.swift; path = HomeView.swift; sourceTree = "<group>"; };
		E244CAF327C3BAF400270252 /* FeaturedItem.swift */ = {isa = PBXFileReference; lastKnownFileType = sourcecode.swift; path = FeaturedItem.swift; sourceTree = "<group>"; };
		E244CAF527C3BD7700270252 /* NavigationBar.swift */ = {isa = PBXFileReference; lastKnownFileType = sourcecode.swift; path = NavigationBar.swift; sourceTree = "<group>"; };
		E244CAF727C3CE1900270252 /* PreferenceKeys.swift */ = {isa = PBXFileReference; lastKnownFileType = sourcecode.swift; path = PreferenceKeys.swift; sourceTree = "<group>"; };
		E244CAF927C3D8CF00270252 /* AnimatableFontModifier.swift */ = {isa = PBXFileReference; lastKnownFileType = sourcecode.swift; path = AnimatableFontModifier.swift; sourceTree = "<group>"; };
		E2994FDD27E77897000F0048 /* AvatarView.swift */ = {isa = PBXFileReference; lastKnownFileType = sourcecode.swift; path = AvatarView.swift; sourceTree = "<group>"; };
		E2AB9C5627C3E24400DE370C /* Course.swift */ = {isa = PBXFileReference; lastKnownFileType = sourcecode.swift; path = Course.swift; sourceTree = "<group>"; };
		E2AB9C5827C3F97000DE370C /* MatchedView.swift */ = {isa = PBXFileReference; lastKnownFileType = sourcecode.swift; path = MatchedView.swift; sourceTree = "<group>"; };
		E2BDE68527BC3F93007DB435 /* DesignCodeiOS15.app */ = {isa = PBXFileReference; explicitFileType = wrapper.application; includeInIndex = 0; path = DesignCodeiOS15.app; sourceTree = BUILT_PRODUCTS_DIR; };
		E2BDE68827BC3F93007DB435 /* DesignCodeiOS15App.swift */ = {isa = PBXFileReference; lastKnownFileType = sourcecode.swift; path = DesignCodeiOS15App.swift; sourceTree = "<group>"; };
		E2BDE68A27BC3F93007DB435 /* ContentView.swift */ = {isa = PBXFileReference; lastKnownFileType = sourcecode.swift; path = ContentView.swift; sourceTree = "<group>"; };
		E2BDE68C27BC3F95007DB435 /* Assets.xcassets */ = {isa = PBXFileReference; lastKnownFileType = folder.assetcatalog; path = Assets.xcassets; sourceTree = "<group>"; };
		E2BDE68F27BC3F95007DB435 /* Preview Assets.xcassets */ = {isa = PBXFileReference; lastKnownFileType = folder.assetcatalog; path = "Preview Assets.xcassets"; sourceTree = "<group>"; };
		E2C8846827D9515100915E81 /* Suggestion.swift */ = {isa = PBXFileReference; lastKnownFileType = sourcecode.swift; path = Suggestion.swift; sourceTree = "<group>"; };
		E2D03B1327E65F3E003A0714 /* SignUpView.swift */ = {isa = PBXFileReference; lastKnownFileType = sourcecode.swift; path = SignUpView.swift; sourceTree = "<group>"; };
		E2D03B1527E667D1003A0714 /* AngularButtonStyle.swift */ = {isa = PBXFileReference; lastKnownFileType = sourcecode.swift; path = AngularButtonStyle.swift; sourceTree = "<group>"; };
		E2D03B1727E676C7003A0714 /* InputStyle.swift */ = {isa = PBXFileReference; lastKnownFileType = sourcecode.swift; path = InputStyle.swift; sourceTree = "<group>"; };
		E2D03B1927E68231003A0714 /* ModalView.swift */ = {isa = PBXFileReference; lastKnownFileType = sourcecode.swift; path = ModalView.swift; sourceTree = "<group>"; };
		E2D03B1B27E68346003A0714 /* SignInView.swift */ = {isa = PBXFileReference; lastKnownFileType = sourcecode.swift; path = SignInView.swift; sourceTree = "<group>"; };
		E2D554C527C4196F000EC5C9 /* CourseItem.swift */ = {isa = PBXFileReference; lastKnownFileType = sourcecode.swift; path = CourseItem.swift; sourceTree = "<group>"; };
		E2D554C727C41AF2000EC5C9 /* CourseView.swift */ = {isa = PBXFileReference; lastKnownFileType = sourcecode.swift; path = CourseView.swift; sourceTree = "<group>"; };
		E2D554C927C796BA000EC5C9 /* Animations.swift */ = {isa = PBXFileReference; lastKnownFileType = sourcecode.swift; path = Animations.swift; sourceTree = "<group>"; };
		E2D554CB27C7B7F5000EC5C9 /* Model.swift */ = {isa = PBXFileReference; lastKnownFileType = sourcecode.swift; path = Model.swift; sourceTree = "<group>"; };
/* End PBXFileReference section */

/* Begin PBXFrameworksBuildPhase section */
		E2BDE68227BC3F93007DB435 /* Frameworks */ = {
			isa = PBXFrameworksBuildPhase;
			buildActionMask = 2147483647;
			files = (
			);
			runOnlyForDeploymentPostprocessing = 0;
		};
/* End PBXFrameworksBuildPhase section */

/* Begin PBXGroup section */
		E244CAEE27C01D2300270252 /* Navigation */ = {
			isa = PBXGroup;
			children = (
				E2BDE68A27BC3F93007DB435 /* ContentView.swift */,
				E244CAE827BFE9B000270252 /* TabBar.swift */,
				E244CAF527C3BD7700270252 /* NavigationBar.swift */,
			);
			path = Navigation;
			sourceTree = "<group>";
		};
		E244CAEF27C01D5700270252 /* Views */ = {
			isa = PBXGroup;
			children = (
				E244CAEC27C01B2800270252 /* HomeView.swift */,
				E244CAE227BD5EAC00270252 /* AccountView.swift */,
				E2AB9C5827C3F97000DE370C /* MatchedView.swift */,
				E2D554C727C41AF2000EC5C9 /* CourseView.swift */,
				E2443AD427D90169004A79DE /* SearchView.swift */,
				E2D03B1D27E749C1003A0714 /* Modals */,
			);
			path = Views;
			sourceTree = "<group>";
		};
		E244CAF027C01D8300270252 /* Components */ = {
			isa = PBXGroup;
			children = (
				E244CAE427BE666400270252 /* HexagonView.swift */,
				E244CAE627BFA76100270252 /* BlobView.swift */,
				E244CAF327C3BAF400270252 /* FeaturedItem.swift */,
				E2D554C527C4196F000EC5C9 /* CourseItem.swift */,
				E2994FDD27E77897000F0048 /* AvatarView.swift */,
			);
			path = Components;
			sourceTree = "<group>";
		};
		E244CAF127C01D9F00270252 /* Model */ = {
			isa = PBXGroup;
			children = (
				E244CAEA27BFF92700270252 /* Tab.swift */,
				E244CAF727C3CE1900270252 /* PreferenceKeys.swift */,
				E2AB9C5627C3E24400DE370C /* Course.swift */,
				E2D554CB27C7B7F5000EC5C9 /* Model.swift */,
				E2C8846827D9515100915E81 /* Suggestion.swift */,
			);
			path = Model;
			sourceTree = "<group>";
		};
		E244CAF227C01DD400270252 /* Styles */ = {
			isa = PBXGroup;
			children = (
				E244CAE027BD53C700270252 /* Styles.swift */,
				E244CAF927C3D8CF00270252 /* AnimatableFontModifier.swift */,
				E2D554C927C796BA000EC5C9 /* Animations.swift */,
				E2D03B1527E667D1003A0714 /* AngularButtonStyle.swift */,
				E2D03B1727E676C7003A0714 /* InputStyle.swift */,
			);
			path = Styles;
			sourceTree = "<group>";
		};
		E2BDE67C27BC3F93007DB435 = {
			isa = PBXGroup;
			children = (
				E2BDE68727BC3F93007DB435 /* DesignCodeiOS15 */,
				E2BDE68627BC3F93007DB435 /* Products */,
			);
			sourceTree = "<group>";
		};
		E2BDE68627BC3F93007DB435 /* Products */ = {
			isa = PBXGroup;
			children = (
				E2BDE68527BC3F93007DB435 /* DesignCodeiOS15.app */,
			);
			name = Products;
			sourceTree = "<group>";
		};
		E2BDE68727BC3F93007DB435 /* DesignCodeiOS15 */ = {
			isa = PBXGroup;
			children = (
				E2BDE68827BC3F93007DB435 /* DesignCodeiOS15App.swift */,
				E244CAEE27C01D2300270252 /* Navigation */,
				E244CAEF27C01D5700270252 /* Views */,
				E244CAF027C01D8300270252 /* Components */,
				E244CAF127C01D9F00270252 /* Model */,
				E244CAF227C01DD400270252 /* Styles */,
				E2BDE68C27BC3F95007DB435 /* Assets.xcassets */,
				E2BDE68E27BC3F95007DB435 /* Preview Content */,
			);
			path = DesignCodeiOS15;
			sourceTree = "<group>";
		};
		E2BDE68E27BC3F95007DB435 /* Preview Content */ = {
			isa = PBXGroup;
			children = (
				E2BDE68F27BC3F95007DB435 /* Preview Assets.xcassets */,
			);
			path = "Preview Content";
			sourceTree = "<group>";
		};
		E2D03B1D27E749C1003A0714 /* Modals */ = {
			isa = PBXGroup;
			children = (
				E2D03B1327E65F3E003A0714 /* SignUpView.swift */,
				E2D03B1B27E68346003A0714 /* SignInView.swift */,
				E2D03B1927E68231003A0714 /* ModalView.swift */,
			);
			path = Modals;
			sourceTree = "<group>";
		};
/* End PBXGroup section */

/* Begin PBXNativeTarget section */
		E2BDE68427BC3F93007DB435 /* DesignCodeiOS15 */ = {
			isa = PBXNativeTarget;
			buildConfigurationList = E2BDE69327BC3F95007DB435 /* Build configuration list for PBXNativeTarget "DesignCodeiOS15" */;
			buildPhases = (
				E2BDE68127BC3F93007DB435 /* Sources */,
				E2BDE68227BC3F93007DB435 /* Frameworks */,
				E2BDE68327BC3F93007DB435 /* Resources */,
			);
			buildRules = (
			);
			dependencies = (
			);
			name = DesignCodeiOS15;
			productName = DesignCodeiOS15;
			productReference = E2BDE68527BC3F93007DB435 /* DesignCodeiOS15.app */;
			productType = "com.apple.product-type.application";
		};
/* End PBXNativeTarget section */

/* Begin PBXProject section */
		E2BDE67D27BC3F93007DB435 /* Project object */ = {
			isa = PBXProject;
			attributes = {
				BuildIndependentTargetsInParallel = 1;
				LastSwiftUpdateCheck = 1320;
				LastUpgradeCheck = 1320;
				TargetAttributes = {
					E2BDE68427BC3F93007DB435 = {
						CreatedOnToolsVersion = 13.2.1;
					};
				};
			};
			buildConfigurationList = E2BDE68027BC3F93007DB435 /* Build configuration list for PBXProject "DesignCodeiOS15" */;
			compatibilityVersion = "Xcode 13.0";
			developmentRegion = en;
			hasScannedForEncodings = 0;
			knownRegions = (
				en,
				Base,
			);
			mainGroup = E2BDE67C27BC3F93007DB435;
			productRefGroup = E2BDE68627BC3F93007DB435 /* Products */;
			projectDirPath = "";
			projectRoot = "";
			targets = (
				E2BDE68427BC3F93007DB435 /* DesignCodeiOS15 */,
			);
		};
/* End PBXProject section */

/* Begin PBXResourcesBuildPhase section */
		E2BDE68327BC3F93007DB435 /* Resources */ = {
			isa = PBXResourcesBuildPhase;
			buildActionMask = 2147483647;
			files = (
				E2BDE69027BC3F95007DB435 /* Preview Assets.xcassets in Resources */,
				E2BDE68D27BC3F95007DB435 /* Assets.xcassets in Resources */,
			);
			runOnlyForDeploymentPostprocessing = 0;
		};
/* End PBXResourcesBuildPhase section */

/* Begin PBXSourcesBuildPhase section */
		E2BDE68127BC3F93007DB435 /* Sources */ = {
			isa = PBXSourcesBuildPhase;
			buildActionMask = 2147483647;
			files = (
				E2443AD527D90169004A79DE /* SearchView.swift in Sources */,
				E244CAED27C01B2800270252 /* HomeView.swift in Sources */,
				E244CAE327BD5EAC00270252 /* AccountView.swift in Sources */,
				E2D554C827C41AF2000EC5C9 /* CourseView.swift in Sources */,
				E244CAE527BE666400270252 /* HexagonView.swift in Sources */,
				E2C8846927D9515100915E81 /* Suggestion.swift in Sources */,
				E244CAE127BD53C700270252 /* Styles.swift in Sources */,
				E2994FDE27E77897000F0048 /* AvatarView.swift in Sources */,
				E2AB9C5927C3F97000DE370C /* MatchedView.swift in Sources */,
				E244CAEB27BFF92700270252 /* Tab.swift in Sources */,
				E244CAF627C3BD7700270252 /* NavigationBar.swift in Sources */,
				E2D03B1627E667D2003A0714 /* AngularButtonStyle.swift in Sources */,
				E244CAE727BFA76100270252 /* BlobView.swift in Sources */,
				E2D03B1C27E68346003A0714 /* SignInView.swift in Sources */,
				E2BDE68B27BC3F93007DB435 /* ContentView.swift in Sources */,
				E2AB9C5727C3E24400DE370C /* Course.swift in Sources */,
				E2BDE68927BC3F93007DB435 /* DesignCodeiOS15App.swift in Sources */,
				E2D554C627C4196F000EC5C9 /* CourseItem.swift in Sources */,
				E244CAF427C3BAF400270252 /* FeaturedItem.swift in Sources */,
				E2D03B1427E65F3E003A0714 /* SignUpView.swift in Sources */,
				E2D554CA27C796BA000EC5C9 /* Animations.swift in Sources */,
				E244CAF827C3CE1900270252 /* PreferenceKeys.swift in Sources */,
				E2D03B1827E676C7003A0714 /* InputStyle.swift in Sources */,
				E2D554CC27C7B7F5000EC5C9 /* Model.swift in Sources */,
				E244CAE927BFE9B000270252 /* TabBar.swift in Sources */,
				E244CAFA27C3D8CF00270252 /* AnimatableFontModifier.swift in Sources */,
				E2D03B1A27E68231003A0714 /* ModalView.swift in Sources */,
			);
			runOnlyForDeploymentPostprocessing = 0;
		};
/* End PBXSourcesBuildPhase section */

/* Begin XCBuildConfiguration section */
		E2BDE69127BC3F95007DB435 /* Debug */ = {
			isa = XCBuildConfiguration;
			buildSettings = {
				ALWAYS_SEARCH_USER_PATHS = NO;
				CLANG_ANALYZER_NONNULL = YES;
				CLANG_ANALYZER_NUMBER_OBJECT_CONVERSION = YES_AGGRESSIVE;
				CLANG_CXX_LANGUAGE_STANDARD = "gnu++17";
				CLANG_CXX_LIBRARY = "libc++";
				CLANG_ENABLE_MODULES = YES;
				CLANG_ENABLE_OBJC_ARC = YES;
				CLANG_ENABLE_OBJC_WEAK = YES;
				CLANG_WARN_BLOCK_CAPTURE_AUTORELEASING = YES;
				CLANG_WARN_BOOL_CONVERSION = YES;
				CLANG_WARN_COMMA = YES;
				CLANG_WARN_CONSTANT_CONVERSION = YES;
				CLANG_WARN_DEPRECATED_OBJC_IMPLEMENTATIONS = YES;
				CLANG_WARN_DIRECT_OBJC_ISA_USAGE = YES_ERROR;
				CLANG_WARN_DOCUMENTATION_COMMENTS = YES;
				CLANG_WARN_EMPTY_BODY = YES;
				CLANG_WARN_ENUM_CONVERSION = YES;
				CLANG_WARN_INFINITE_RECURSION = YES;
				CLANG_WARN_INT_CONVERSION = YES;
				CLANG_WARN_NON_LITERAL_NULL_CONVERSION = YES;
				CLANG_WARN_OBJC_IMPLICIT_RETAIN_SELF = YES;
				CLANG_WARN_OBJC_LITERAL_CONVERSION = YES;
				CLANG_WARN_OBJC_ROOT_CLASS = YES_ERROR;
				CLANG_WARN_QUOTED_INCLUDE_IN_FRAMEWORK_HEADER = YES;
				CLANG_WARN_RANGE_LOOP_ANALYSIS = YES;
				CLANG_WARN_STRICT_PROTOTYPES = YES;
				CLANG_WARN_SUSPICIOUS_MOVE = YES;
				CLANG_WARN_UNGUARDED_AVAILABILITY = YES_AGGRESSIVE;
				CLANG_WARN_UNREACHABLE_CODE = YES;
				CLANG_WARN__DUPLICATE_METHOD_MATCH = YES;
				COPY_PHASE_STRIP = NO;
				DEBUG_INFORMATION_FORMAT = dwarf;
				ENABLE_STRICT_OBJC_MSGSEND = YES;
				ENABLE_TESTABILITY = YES;
				GCC_C_LANGUAGE_STANDARD = gnu11;
				GCC_DYNAMIC_NO_PIC = NO;
				GCC_NO_COMMON_BLOCKS = YES;
				GCC_OPTIMIZATION_LEVEL = 0;
				GCC_PREPROCESSOR_DEFINITIONS = (
					"DEBUG=1",
					"$(inherited)",
				);
				GCC_WARN_64_TO_32_BIT_CONVERSION = YES;
				GCC_WARN_ABOUT_RETURN_TYPE = YES_ERROR;
				GCC_WARN_UNDECLARED_SELECTOR = YES;
				GCC_WARN_UNINITIALIZED_AUTOS = YES_AGGRESSIVE;
				GCC_WARN_UNUSED_FUNCTION = YES;
				GCC_WARN_UNUSED_VARIABLE = YES;
				IPHONEOS_DEPLOYMENT_TARGET = 15.2;
				MTL_ENABLE_DEBUG_INFO = INCLUDE_SOURCE;
				MTL_FAST_MATH = YES;
				ONLY_ACTIVE_ARCH = YES;
				SDKROOT = iphoneos;
				SWIFT_ACTIVE_COMPILATION_CONDITIONS = DEBUG;
				SWIFT_OPTIMIZATION_LEVEL = "-Onone";
			};
			name = Debug;
		};
		E2BDE69227BC3F95007DB435 /* Release */ = {
			isa = XCBuildConfiguration;
			buildSettings = {
				ALWAYS_SEARCH_USER_PATHS = NO;
				CLANG_ANALYZER_NONNULL = YES;
				CLANG_ANALYZER_NUMBER_OBJECT_CONVERSION = YES_AGGRESSIVE;
				CLANG_CXX_LANGUAGE_STANDARD = "gnu++17";
				CLANG_CXX_LIBRARY = "libc++";
				CLANG_ENABLE_MODULES = YES;
				CLANG_ENABLE_OBJC_ARC = YES;
				CLANG_ENABLE_OBJC_WEAK = YES;
				CLANG_WARN_BLOCK_CAPTURE_AUTORELEASING = YES;
				CLANG_WARN_BOOL_CONVERSION = YES;
				CLANG_WARN_COMMA = YES;
				CLANG_WARN_CONSTANT_CONVERSION = YES;
				CLANG_WARN_DEPRECATED_OBJC_IMPLEMENTATIONS = YES;
				CLANG_WARN_DIRECT_OBJC_ISA_USAGE = YES_ERROR;
				CLANG_WARN_DOCUMENTATION_COMMENTS = YES;
				CLANG_WARN_EMPTY_BODY = YES;
				CLANG_WARN_ENUM_CONVERSION = YES;
				CLANG_WARN_INFINITE_RECURSION = YES;
				CLANG_WARN_INT_CONVERSION = YES;
				CLANG_WARN_NON_LITERAL_NULL_CONVERSION = YES;
				CLANG_WARN_OBJC_IMPLICIT_RETAIN_SELF = YES;
				CLANG_WARN_OBJC_LITERAL_CONVERSION = YES;
				CLANG_WARN_OBJC_ROOT_CLASS = YES_ERROR;
				CLANG_WARN_QUOTED_INCLUDE_IN_FRAMEWORK_HEADER = YES;
				CLANG_WARN_RANGE_LOOP_ANALYSIS = YES;
				CLANG_WARN_STRICT_PROTOTYPES = YES;
				CLANG_WARN_SUSPICIOUS_MOVE = YES;
				CLANG_WARN_UNGUARDED_AVAILABILITY = YES_AGGRESSIVE;
				CLANG_WARN_UNREACHABLE_CODE = YES;
				CLANG_WARN__DUPLICATE_METHOD_MATCH = YES;
				COPY_PHASE_STRIP = NO;
				DEBUG_INFORMATION_FORMAT = "dwarf-with-dsym";
				ENABLE_NS_ASSERTIONS = NO;
				ENABLE_STRICT_OBJC_MSGSEND = YES;
				GCC_C_LANGUAGE_STANDARD = gnu11;
				GCC_NO_COMMON_BLOCKS = YES;
				GCC_WARN_64_TO_32_BIT_CONVERSION = YES;
				GCC_WARN_ABOUT_RETURN_TYPE = YES_ERROR;
				GCC_WARN_UNDECLARED_SELECTOR = YES;
				GCC_WARN_UNINITIALIZED_AUTOS = YES_AGGRESSIVE;
				GCC_WARN_UNUSED_FUNCTION = YES;
				GCC_WARN_UNUSED_VARIABLE = YES;
				IPHONEOS_DEPLOYMENT_TARGET = 15.2;
				MTL_ENABLE_DEBUG_INFO = NO;
				MTL_FAST_MATH = YES;
				SDKROOT = iphoneos;
				SWIFT_COMPILATION_MODE = wholemodule;
				SWIFT_OPTIMIZATION_LEVEL = "-O";
				VALIDATE_PRODUCT = YES;
			};
			name = Release;
		};
		E2BDE69427BC3F95007DB435 /* Debug */ = {
			isa = XCBuildConfiguration;
			buildSettings = {
				ASSETCATALOG_COMPILER_APPICON_NAME = AppIcon;
				ASSETCATALOG_COMPILER_GLOBAL_ACCENT_COLOR_NAME = AccentColor;
				CODE_SIGN_STYLE = Automatic;
				CURRENT_PROJECT_VERSION = 1;
				DEVELOPMENT_ASSET_PATHS = "\"DesignCodeiOS15/Preview Content\"";
				DEVELOPMENT_TEAM = 32Y2DSLDNH;
				ENABLE_PREVIEWS = YES;
				GENERATE_INFOPLIST_FILE = YES;
				INFOPLIST_KEY_UIApplicationSceneManifest_Generation = YES;
				INFOPLIST_KEY_UIApplicationSupportsIndirectInputEvents = YES;
				INFOPLIST_KEY_UILaunchScreen_Generation = YES;
				INFOPLIST_KEY_UISupportedInterfaceOrientations_iPad = "UIInterfaceOrientationPortrait UIInterfaceOrientationPortraitUpsideDown UIInterfaceOrientationLandscapeLeft UIInterfaceOrientationLandscapeRight";
				INFOPLIST_KEY_UISupportedInterfaceOrientations_iPhone = "UIInterfaceOrientationPortrait UIInterfaceOrientationLandscapeLeft UIInterfaceOrientationLandscapeRight";
				LD_RUNPATH_SEARCH_PATHS = (
					"$(inherited)",
					"@executable_path/Frameworks",
				);
				MARKETING_VERSION = 1.0;
				PRODUCT_BUNDLE_IDENTIFIER = com.malchikTV.DesignCodeiOS15;
				PRODUCT_NAME = DesignCodeiOS15;
				SWIFT_EMIT_LOC_STRINGS = YES;
				SWIFT_VERSION = 5.0;
				TARGETED_DEVICE_FAMILY = "1,2";
			};
			name = Debug;
		};
		E2BDE69527BC3F95007DB435 /* Release */ = {
			isa = XCBuildConfiguration;
			buildSettings = {
				ASSETCATALOG_COMPILER_APPICON_NAME = AppIcon;
				ASSETCATALOG_COMPILER_GLOBAL_ACCENT_COLOR_NAME = AccentColor;
				CODE_SIGN_STYLE = Automatic;
				CURRENT_PROJECT_VERSION = 1;
				DEVELOPMENT_ASSET_PATHS = "\"DesignCodeiOS15/Preview Content\"";
				DEVELOPMENT_TEAM = 32Y2DSLDNH;
				ENABLE_PREVIEWS = YES;
				GENERATE_INFOPLIST_FILE = YES;
				INFOPLIST_KEY_UIApplicationSceneManifest_Generation = YES;
				INFOPLIST_KEY_UIApplicationSupportsIndirectInputEvents = YES;
				INFOPLIST_KEY_UILaunchScreen_Generation = YES;
				INFOPLIST_KEY_UISupportedInterfaceOrientations_iPad = "UIInterfaceOrientationPortrait UIInterfaceOrientationPortraitUpsideDown UIInterfaceOrientationLandscapeLeft UIInterfaceOrientationLandscapeRight";
				INFOPLIST_KEY_UISupportedInterfaceOrientations_iPhone = "UIInterfaceOrientationPortrait UIInterfaceOrientationLandscapeLeft UIInterfaceOrientationLandscapeRight";
				LD_RUNPATH_SEARCH_PATHS = (
					"$(inherited)",
					"@executable_path/Frameworks",
				);
				MARKETING_VERSION = 1.0;
				PRODUCT_BUNDLE_IDENTIFIER = com.malchikTV.DesignCodeiOS15;
				PRODUCT_NAME = DesignCodeiOS15;
				SWIFT_EMIT_LOC_STRINGS = YES;
				SWIFT_VERSION = 5.0;
				TARGETED_DEVICE_FAMILY = "1,2";
			};
			name = Release;
		};
/* End XCBuildConfiguration section */

/* Begin XCConfigurationList section */
		E2BDE68027BC3F93007DB435 /* Build configuration list for PBXProject "DesignCodeiOS15" */ = {
			isa = XCConfigurationList;
			buildConfigurations = (
				E2BDE69127BC3F95007DB435 /* Debug */,
				E2BDE69227BC3F95007DB435 /* Release */,
			);
			defaultConfigurationIsVisible = 0;
			defaultConfigurationName = Release;
		};
		E2BDE69327BC3F95007DB435 /* Build configuration list for PBXNativeTarget "DesignCodeiOS15" */ = {
			isa = XCConfigurationList;
			buildConfigurations = (
				E2BDE69427BC3F95007DB435 /* Debug */,
				E2BDE69527BC3F95007DB435 /* Release */,
			);
			defaultConfigurationIsVisible = 0;
			defaultConfigurationName = Release;
		};
/* End XCConfigurationList section */
	};
	rootObject = E2BDE67D27BC3F93007DB435 /* Project object */;
}
